
Microsoft Visual Studio Solution File, Format Version 12.00
# Visual Studio Version 17
VisualStudioVersion = 17.3.32819.101
MinimumVisualStudioVersion = 10.0.40219.1
Project("{9A19103F-16F7-4668-BE54-9A1E7A4F7556}") = "FileDialog", "FileDialog\FileDialog.csproj", "{2744344C-BC03-4448-8614-E07227858FED}"
EndProject
Global
	GlobalSection(SolutionConfigurationPlatforms) = preSolution
		Debug|Any CPU = Debug|Any CPU
		Debug|x86 = Debug|x86
		Release|Any CPU = Release|Any CPU
		Release|x86 = Release|x86
	EndGlobalSection
	GlobalSection(ProjectConfigurationPlatforms) = postSolution
		{2744344C-BC03-4448-8614-E07227858FED}.Debug|Any CPU.ActiveCfg = Debug|Any CPU
		{2744344C-BC03-4448-8614-E07227858FED}.Debug|Any CPU.Build.0 = Debug|Any CPU
		{2744344C-BC03-4448-8614-E07227858FED}.Debug|x86.ActiveCfg = Debug|Any CPU
		{2744344C-BC03-4448-8614-E07227858FED}.Debug|x86.Build.0 = Debug|Any CPU
		{2744344C-BC03-4448-8614-E07227858FED}.Release|Any CPU.ActiveCfg = Release|Any CPU
		{2744344C-BC03-4448-8614-E07227858FED}.Release|Any CPU.Build.0 = Release|Any CPU
		{2744344C-BC03-4448-8614-E07227858FED}.Release|x86.ActiveCfg = Release|Any CPU
		{2744344C-BC03-4448-8614-E07227858FED}.Release|x86.Build.0 = Release|Any CPU
	EndGlobalSection
	GlobalSection(SolutionProperties) = preSolution
		HideSolutionNode = FALSE
	EndGlobalSection
	GlobalSection(ExtensibilityGlobals) = postSolution
		SolutionGuid = {8395AEF2-A68E-4CC6-B93C-58CADBCF137A}
	EndGlobalSection
EndGlobal
